
Microsoft Visual Studio Solution File, Format Version 12.00
# Visual Studio 14
VisualStudioVersion = 14.0.25420.1
MinimumVisualStudioVersion = 10.0.40219.1
Project("{FAE04EC0-301F-11D3-BF4B-00C04F79EFBC}") = "KamilCoffeeStore.StockManagement.App", "KamilCoffeeStore.StockManagement.App\KamilCoffeeStore.StockManagement.App.csproj", "{BF8B4857-C78D-4913-B0CB-CB469E01C2FB}"
EndProject
Project("{FAE04EC0-301F-11D3-BF4B-00C04F79EFBC}") = "KamilCoffeeStore.StockManagement.Model", "KamilCofeeStore.StockManagement.Model\KamilCoffeeStore.StockManagement.Model.csproj", "{959DF8AC-1957-4EA7-8150-9C0218F3813A}"
EndProject
Project("{FAE04EC0-301F-11D3-BF4B-00C04F79EFBC}") = "KamilCoffeeStore.StockManagement.DAL", "KamilCoffeeStore.StockManagement.DAL\KamilCoffeeStore.StockManagement.DAL.csproj", "{06829A7A-836D-4CF9-B998-28016E1072D8}"
EndProject
Global
	GlobalSection(SolutionConfigurationPlatforms) = preSolution
		Debug|Any CPU = Debug|Any CPU
		Release|Any CPU = Release|Any CPU
	EndGlobalSection
	GlobalSection(ProjectConfigurationPlatforms) = postSolution
		{BF8B4857-C78D-4913-B0CB-CB469E01C2FB}.Debug|Any CPU.ActiveCfg = Debug|Any CPU
		{BF8B4857-C78D-4913-B0CB-CB469E01C2FB}.Debug|Any CPU.Build.0 = Debug|Any CPU
		{BF8B4857-C78D-4913-B0CB-CB469E01C2FB}.Release|Any CPU.ActiveCfg = Release|Any CPU
		{BF8B4857-C78D-4913-B0CB-CB469E01C2FB}.Release|Any CPU.Build.0 = Release|Any CPU
		{959DF8AC-1957-4EA7-8150-9C0218F3813A}.Debug|Any CPU.ActiveCfg = Debug|Any CPU
		{959DF8AC-1957-4EA7-8150-9C0218F3813A}.Debug|Any CPU.Build.0 = Debug|Any CPU
		{959DF8AC-1957-4EA7-8150-9C0218F3813A}.Release|Any CPU.ActiveCfg = Release|Any CPU
		{959DF8AC-1957-4EA7-8150-9C0218F3813A}.Release|Any CPU.Build.0 = Release|Any CPU
		{06829A7A-836D-4CF9-B998-28016E1072D8}.Debug|Any CPU.ActiveCfg = Debug|Any CPU
		{06829A7A-836D-4CF9-B998-28016E1072D8}.Debug|Any CPU.Build.0 = Debug|Any CPU
		{06829A7A-836D-4CF9-B998-28016E1072D8}.Release|Any CPU.ActiveCfg = Release|Any CPU
		{06829A7A-836D-4CF9-B998-28016E1072D8}.Release|Any CPU.Build.0 = Release|Any CPU
	EndGlobalSection
	GlobalSection(SolutionProperties) = preSolution
		HideSolutionNode = FALSE
	EndGlobalSection
EndGlobal
